// !$*UTF8*$!
{
	archiveVersion = 1;
	classes = {
	};
	objectVersion = 50;
	objects = {

/* Begin PBXBuildFile section */
		13EF1B5A8C75E62CD98AE669 /* Pods_InstaCloneTests.framework in Frameworks */ = {isa = PBXBuildFile; fileRef = 577819EC7162A8EDF55C9F33 /* Pods_InstaCloneTests.framework */; };
		6428A5F4150A534F3724B6B0 /* Pods_InstaClone.framework in Frameworks */ = {isa = PBXBuildFile; fileRef = 208C9D47F2C4FC9FFF109D9B /* Pods_InstaClone.framework */; };
		BE469401477EF9344CBCF3DA /* Pods_InstaCloneUITests.framework in Frameworks */ = {isa = PBXBuildFile; fileRef = 2EE9103FC3C623E16FA997C3 /* Pods_InstaCloneUITests.framework */; };
		F51B633A217FC82400ED0E83 /* AppDelegate.swift in Sources */ = {isa = PBXBuildFile; fileRef = F51B6339217FC82400ED0E83 /* AppDelegate.swift */; };
		F51B633C217FC82400ED0E83 /* ViewController.swift in Sources */ = {isa = PBXBuildFile; fileRef = F51B633B217FC82400ED0E83 /* ViewController.swift */; };
		F51B633F217FC82400ED0E83 /* Main.storyboard in Resources */ = {isa = PBXBuildFile; fileRef = F51B633D217FC82400ED0E83 /* Main.storyboard */; };
		F51B6341217FC82600ED0E83 /* Assets.xcassets in Resources */ = {isa = PBXBuildFile; fileRef = F51B6340217FC82600ED0E83 /* Assets.xcassets */; };
		F51B6344217FC82600ED0E83 /* LaunchScreen.storyboard in Resources */ = {isa = PBXBuildFile; fileRef = F51B6342217FC82600ED0E83 /* LaunchScreen.storyboard */; };
		F51B634F217FC82600ED0E83 /* InstaCloneTests.swift in Sources */ = {isa = PBXBuildFile; fileRef = F51B634E217FC82600ED0E83 /* InstaCloneTests.swift */; };
		F51B635A217FC82600ED0E83 /* InstaCloneUITests.swift in Sources */ = {isa = PBXBuildFile; fileRef = F51B6359217FC82600ED0E83 /* InstaCloneUITests.swift */; };
		F563E06A218009980019A6AC /* LoginViewController.swift in Sources */ = {isa = PBXBuildFile; fileRef = F563E069218009970019A6AC /* LoginViewController.swift */; };
/* End PBXBuildFile section */

/* Begin PBXContainerItemProxy section */
		F51B634B217FC82600ED0E83 /* PBXContainerItemProxy */ = {
			isa = PBXContainerItemProxy;
			containerPortal = F51B632E217FC82400ED0E83 /* Project object */;
			proxyType = 1;
			remoteGlobalIDString = F51B6335217FC82400ED0E83;
			remoteInfo = InstaClone;
		};
		F51B6356217FC82600ED0E83 /* PBXContainerItemProxy */ = {
			isa = PBXContainerItemProxy;
			containerPortal = F51B632E217FC82400ED0E83 /* Project object */;
			proxyType = 1;
			remoteGlobalIDString = F51B6335217FC82400ED0E83;
			remoteInfo = InstaClone;
		};
/* End PBXContainerItemProxy section */

/* Begin PBXFileReference section */
		208C9D47F2C4FC9FFF109D9B /* Pods_InstaClone.framework */ = {isa = PBXFileReference; explicitFileType = wrapper.framework; includeInIndex = 0; path = Pods_InstaClone.framework; sourceTree = BUILT_PRODUCTS_DIR; };
		2EE9103FC3C623E16FA997C3 /* Pods_InstaCloneUITests.framework */ = {isa = PBXFileReference; explicitFileType = wrapper.framework; includeInIndex = 0; path = Pods_InstaCloneUITests.framework; sourceTree = BUILT_PRODUCTS_DIR; };
		55BD29C2242F3E289A301AED /* Pods-InstaCloneUITests.debug.xcconfig */ = {isa = PBXFileReference; includeInIndex = 1; lastKnownFileType = text.xcconfig; name = "Pods-InstaCloneUITests.debug.xcconfig"; path = "Pods/Target Support Files/Pods-InstaCloneUITests/Pods-InstaCloneUITests.debug.xcconfig"; sourceTree = "<group>"; };
		577819EC7162A8EDF55C9F33 /* Pods_InstaCloneTests.framework */ = {isa = PBXFileReference; explicitFileType = wrapper.framework; includeInIndex = 0; path = Pods_InstaCloneTests.framework; sourceTree = BUILT_PRODUCTS_DIR; };
		70721A29C239974E6A8337DA /* Pods-InstaClone.release.xcconfig */ = {isa = PBXFileReference; includeInIndex = 1; lastKnownFileType = text.xcconfig; name = "Pods-InstaClone.release.xcconfig"; path = "Pods/Target Support Files/Pods-InstaClone/Pods-InstaClone.release.xcconfig"; sourceTree = "<group>"; };
		80B3642AA13A2544203A0FD7 /* Pods-InstaCloneUITests.release.xcconfig */ = {isa = PBXFileReference; includeInIndex = 1; lastKnownFileType = text.xcconfig; name = "Pods-InstaCloneUITests.release.xcconfig"; path = "Pods/Target Support Files/Pods-InstaCloneUITests/Pods-InstaCloneUITests.release.xcconfig"; sourceTree = "<group>"; };
		84382A0F5F3D8CACDCF980E7 /* Pods-InstaClone.debug.xcconfig */ = {isa = PBXFileReference; includeInIndex = 1; lastKnownFileType = text.xcconfig; name = "Pods-InstaClone.debug.xcconfig"; path = "Pods/Target Support Files/Pods-InstaClone/Pods-InstaClone.debug.xcconfig"; sourceTree = "<group>"; };
		EF7AA69CDCE1D8D4AD10892E /* Pods-InstaCloneTests.release.xcconfig */ = {isa = PBXFileReference; includeInIndex = 1; lastKnownFileType = text.xcconfig; name = "Pods-InstaCloneTests.release.xcconfig"; path = "Pods/Target Support Files/Pods-InstaCloneTests/Pods-InstaCloneTests.release.xcconfig"; sourceTree = "<group>"; };
		F51B6336217FC82400ED0E83 /* InstaClone.app */ = {isa = PBXFileReference; explicitFileType = wrapper.application; includeInIndex = 0; path = InstaClone.app; sourceTree = BUILT_PRODUCTS_DIR; };
		F51B6339217FC82400ED0E83 /* AppDelegate.swift */ = {isa = PBXFileReference; lastKnownFileType = sourcecode.swift; path = AppDelegate.swift; sourceTree = "<group>"; };
		F51B633B217FC82400ED0E83 /* ViewController.swift */ = {isa = PBXFileReference; lastKnownFileType = sourcecode.swift; path = ViewController.swift; sourceTree = "<group>"; };
		F51B633E217FC82400ED0E83 /* Base */ = {isa = PBXFileReference; lastKnownFileType = file.storyboard; name = Base; path = Base.lproj/Main.storyboard; sourceTree = "<group>"; };
		F51B6340217FC82600ED0E83 /* Assets.xcassets */ = {isa = PBXFileReference; lastKnownFileType = folder.assetcatalog; path = Assets.xcassets; sourceTree = "<group>"; };
		F51B6343217FC82600ED0E83 /* Base */ = {isa = PBXFileReference; lastKnownFileType = file.storyboard; name = Base; path = Base.lproj/LaunchScreen.storyboard; sourceTree = "<group>"; };
		F51B6345217FC82600ED0E83 /* Info.plist */ = {isa = PBXFileReference; lastKnownFileType = text.plist.xml; path = Info.plist; sourceTree = "<group>"; };
		F51B634A217FC82600ED0E83 /* InstaCloneTests.xctest */ = {isa = PBXFileReference; explicitFileType = wrapper.cfbundle; includeInIndex = 0; path = InstaCloneTests.xctest; sourceTree = BUILT_PRODUCTS_DIR; };
		F51B634E217FC82600ED0E83 /* InstaCloneTests.swift */ = {isa = PBXFileReference; lastKnownFileType = sourcecode.swift; path = InstaCloneTests.swift; sourceTree = "<group>"; };
		F51B6350217FC82600ED0E83 /* Info.plist */ = {isa = PBXFileReference; lastKnownFileType = text.plist.xml; path = Info.plist; sourceTree = "<group>"; };
		F51B6355217FC82600ED0E83 /* InstaCloneUITests.xctest */ = {isa = PBXFileReference; explicitFileType = wrapper.cfbundle; includeInIndex = 0; path = InstaCloneUITests.xctest; sourceTree = BUILT_PRODUCTS_DIR; };
		F51B6359217FC82600ED0E83 /* InstaCloneUITests.swift */ = {isa = PBXFileReference; lastKnownFileType = sourcecode.swift; path = InstaCloneUITests.swift; sourceTree = "<group>"; };
		F51B635B217FC82600ED0E83 /* Info.plist */ = {isa = PBXFileReference; lastKnownFileType = text.plist.xml; path = Info.plist; sourceTree = "<group>"; };
		F563E069218009970019A6AC /* LoginViewController.swift */ = {isa = PBXFileReference; lastKnownFileType = sourcecode.swift; path = LoginViewController.swift; sourceTree = "<group>"; };
		FC33448E9183CDE37C1E8CE4 /* Pods-InstaCloneTests.debug.xcconfig */ = {isa = PBXFileReference; includeInIndex = 1; lastKnownFileType = text.xcconfig; name = "Pods-InstaCloneTests.debug.xcconfig"; path = "Pods/Target Support Files/Pods-InstaCloneTests/Pods-InstaCloneTests.debug.xcconfig"; sourceTree = "<group>"; };
/* End PBXFileReference section */

/* Begin PBXFrameworksBuildPhase section */
		F51B6333217FC82400ED0E83 /* Frameworks */ = {
			isa = PBXFrameworksBuildPhase;
			buildActionMask = 2147483647;
			files = (
				6428A5F4150A534F3724B6B0 /* Pods_InstaClone.framework in Frameworks */,
			);
			runOnlyForDeploymentPostprocessing = 0;
		};
		F51B6347217FC82600ED0E83 /* Frameworks */ = {
			isa = PBXFrameworksBuildPhase;
			buildActionMask = 2147483647;
			files = (
				13EF1B5A8C75E62CD98AE669 /* Pods_InstaCloneTests.framework in Frameworks */,
			);
			runOnlyForDeploymentPostprocessing = 0;
		};
		F51B6352217FC82600ED0E83 /* Frameworks */ = {
			isa = PBXFrameworksBuildPhase;
			buildActionMask = 2147483647;
			files = (
				BE469401477EF9344CBCF3DA /* Pods_InstaCloneUITests.framework in Frameworks */,
			);
			runOnlyForDeploymentPostprocessing = 0;
		};
/* End PBXFrameworksBuildPhase section */

/* Begin PBXGroup section */
		38C88C0227CF7421FB09B94A /* Pods */ = {
			isa = PBXGroup;
			children = (
				84382A0F5F3D8CACDCF980E7 /* Pods-InstaClone.debug.xcconfig */,
				70721A29C239974E6A8337DA /* Pods-InstaClone.release.xcconfig */,
				FC33448E9183CDE37C1E8CE4 /* Pods-InstaCloneTests.debug.xcconfig */,
				EF7AA69CDCE1D8D4AD10892E /* Pods-InstaCloneTests.release.xcconfig */,
				55BD29C2242F3E289A301AED /* Pods-InstaCloneUITests.debug.xcconfig */,
				80B3642AA13A2544203A0FD7 /* Pods-InstaCloneUITests.release.xcconfig */,
			);
			name = Pods;
			sourceTree = "<group>";
		};
		E3DD529AADACF5C185C4340E /* Frameworks */ = {
			isa = PBXGroup;
			children = (
				208C9D47F2C4FC9FFF109D9B /* Pods_InstaClone.framework */,
				577819EC7162A8EDF55C9F33 /* Pods_InstaCloneTests.framework */,
				2EE9103FC3C623E16FA997C3 /* Pods_InstaCloneUITests.framework */,
			);
			name = Frameworks;
			sourceTree = "<group>";
		};
		F51B632D217FC82400ED0E83 = {
			isa = PBXGroup;
			children = (
				F51B6338217FC82400ED0E83 /* InstaClone */,
				F51B634D217FC82600ED0E83 /* InstaCloneTests */,
				F51B6358217FC82600ED0E83 /* InstaCloneUITests */,
				F51B6337217FC82400ED0E83 /* Products */,
				38C88C0227CF7421FB09B94A /* Pods */,
				E3DD529AADACF5C185C4340E /* Frameworks */,
			);
			sourceTree = "<group>";
		};
		F51B6337217FC82400ED0E83 /* Products */ = {
			isa = PBXGroup;
			children = (
				F51B6336217FC82400ED0E83 /* InstaClone.app */,
				F51B634A217FC82600ED0E83 /* InstaCloneTests.xctest */,
				F51B6355217FC82600ED0E83 /* InstaCloneUITests.xctest */,
			);
			name = Products;
			sourceTree = "<group>";
		};
		F51B6338217FC82400ED0E83 /* InstaClone */ = {
			isa = PBXGroup;
			children = (
				F51B6339217FC82400ED0E83 /* AppDelegate.swift */,
				F51B633B217FC82400ED0E83 /* ViewController.swift */,
				F51B633D217FC82400ED0E83 /* Main.storyboard */,
				F51B6340217FC82600ED0E83 /* Assets.xcassets */,
				F51B6342217FC82600ED0E83 /* LaunchScreen.storyboard */,
				F51B6345217FC82600ED0E83 /* Info.plist */,
				F563E069218009970019A6AC /* LoginViewController.swift */,
			);
			path = InstaClone;
			sourceTree = "<group>";
		};
		F51B634D217FC82600ED0E83 /* InstaCloneTests */ = {
			isa = PBXGroup;
			children = (
				F51B634E217FC82600ED0E83 /* InstaCloneTests.swift */,
				F51B6350217FC82600ED0E83 /* Info.plist */,
			);
			path = InstaCloneTests;
			sourceTree = "<group>";
		};
		F51B6358217FC82600ED0E83 /* InstaCloneUITests */ = {
			isa = PBXGroup;
			children = (
				F51B6359217FC82600ED0E83 /* InstaCloneUITests.swift */,
				F51B635B217FC82600ED0E83 /* Info.plist */,
			);
			path = InstaCloneUITests;
			sourceTree = "<group>";
		};
/* End PBXGroup section */

/* Begin PBXNativeTarget section */
		F51B6335217FC82400ED0E83 /* InstaClone */ = {
			isa = PBXNativeTarget;
			buildConfigurationList = F51B635E217FC82600ED0E83 /* Build configuration list for PBXNativeTarget "InstaClone" */;
			buildPhases = (
				20A132F114972D48584801B1 /* [CP] Check Pods Manifest.lock */,
				F51B6332217FC82400ED0E83 /* Sources */,
				F51B6333217FC82400ED0E83 /* Frameworks */,
				F51B6334217FC82400ED0E83 /* Resources */,
			);
			buildRules = (
			);
			dependencies = (
			);
			name = InstaClone;
			productName = InstaClone;
			productReference = F51B6336217FC82400ED0E83 /* InstaClone.app */;
			productType = "com.apple.product-type.application";
		};
		F51B6349217FC82600ED0E83 /* InstaCloneTests */ = {
			isa = PBXNativeTarget;
			buildConfigurationList = F51B6361217FC82600ED0E83 /* Build configuration list for PBXNativeTarget "InstaCloneTests" */;
			buildPhases = (
				8950E92F51789E440A95F1FE /* [CP] Check Pods Manifest.lock */,
				F51B6346217FC82600ED0E83 /* Sources */,
				F51B6347217FC82600ED0E83 /* Frameworks */,
				F51B6348217FC82600ED0E83 /* Resources */,
				7E6432B2623A96F68F32E684 /* [CP] Embed Pods Frameworks */,
			);
			buildRules = (
			);
			dependencies = (
				F51B634C217FC82600ED0E83 /* PBXTargetDependency */,
			);
			name = InstaCloneTests;
			productName = InstaCloneTests;
			productReference = F51B634A217FC82600ED0E83 /* InstaCloneTests.xctest */;
			productType = "com.apple.product-type.bundle.unit-test";
		};
		F51B6354217FC82600ED0E83 /* InstaCloneUITests */ = {
			isa = PBXNativeTarget;
			buildConfigurationList = F51B6364217FC82600ED0E83 /* Build configuration list for PBXNativeTarget "InstaCloneUITests" */;
			buildPhases = (
				6594F62FD5F101885EA5F749 /* [CP] Check Pods Manifest.lock */,
				F51B6351217FC82600ED0E83 /* Sources */,
				F51B6352217FC82600ED0E83 /* Frameworks */,
				F51B6353217FC82600ED0E83 /* Resources */,
			);
			buildRules = (
			);
			dependencies = (
				F51B6357217FC82600ED0E83 /* PBXTargetDependency */,
			);
			name = InstaCloneUITests;
			productName = InstaCloneUITests;
			productReference = F51B6355217FC82600ED0E83 /* InstaCloneUITests.xctest */;
			productType = "com.apple.product-type.bundle.ui-testing";
		};
/* End PBXNativeTarget section */

/* Begin PBXProject section */
		F51B632E217FC82400ED0E83 /* Project object */ = {
			isa = PBXProject;
			attributes = {
				LastSwiftUpdateCheck = 1000;
				LastUpgradeCheck = 1000;
				ORGANIZATIONNAME = "Arslan Saeed";
				TargetAttributes = {
					F51B6335217FC82400ED0E83 = {
						CreatedOnToolsVersion = 10.0;
					};
					F51B6349217FC82600ED0E83 = {
						CreatedOnToolsVersion = 10.0;
						TestTargetID = F51B6335217FC82400ED0E83;
					};
					F51B6354217FC82600ED0E83 = {
						CreatedOnToolsVersion = 10.0;
						TestTargetID = F51B6335217FC82400ED0E83;
					};
				};
			};
			buildConfigurationList = F51B6331217FC82400ED0E83 /* Build configuration list for PBXProject "InstaClone" */;
			compatibilityVersion = "Xcode 9.3";
			developmentRegion = en;
			hasScannedForEncodings = 0;
			knownRegions = (
				en,
				Base,
			);
			mainGroup = F51B632D217FC82400ED0E83;
			productRefGroup = F51B6337217FC82400ED0E83 /* Products */;
			projectDirPath = "";
			projectRoot = "";
			targets = (
				F51B6335217FC82400ED0E83 /* InstaClone */,
				F51B6349217FC82600ED0E83 /* InstaCloneTests */,
				F51B6354217FC82600ED0E83 /* InstaCloneUITests */,
			);
		};
/* End PBXProject section */

/* Begin PBXResourcesBuildPhase section */
		F51B6334217FC82400ED0E83 /* Resources */ = {
			isa = PBXResourcesBuildPhase;
			buildActionMask = 2147483647;
			files = (
				F51B6344217FC82600ED0E83 /* LaunchScreen.storyboard in Resources */,
				F51B6341217FC82600ED0E83 /* Assets.xcassets in Resources */,
				F51B633F217FC82400ED0E83 /* Main.storyboard in Resources */,
			);
			runOnlyForDeploymentPostprocessing = 0;
		};
		F51B6348217FC82600ED0E83 /* Resources */ = {
			isa = PBXResourcesBuildPhase;
			buildActionMask = 2147483647;
			files = (
			);
			runOnlyForDeploymentPostprocessing = 0;
		};
		F51B6353217FC82600ED0E83 /* Resources */ = {
			isa = PBXResourcesBuildPhase;
			buildActionMask = 2147483647;
			files = (
			);
			runOnlyForDeploymentPostprocessing = 0;
		};
/* End PBXResourcesBuildPhase section */

/* Begin PBXShellScriptBuildPhase section */
		20A132F114972D48584801B1 /* [CP] Check Pods Manifest.lock */ = {
			isa = PBXShellScriptBuildPhase;
			buildActionMask = 2147483647;
			files = (
			);
			inputFileListPaths = (
			);
			inputPaths = (
				"${PODS_PODFILE_DIR_PATH}/Podfile.lock",
				"${PODS_ROOT}/Manifest.lock",
			);
			name = "[CP] Check Pods Manifest.lock";
			outputFileListPaths = (
			);
			outputPaths = (
				"$(DERIVED_FILE_DIR)/Pods-InstaClone-checkManifestLockResult.txt",
			);
			runOnlyForDeploymentPostprocessing = 0;
			shellPath = /bin/sh;
			shellScript = "diff \"${PODS_PODFILE_DIR_PATH}/Podfile.lock\" \"${PODS_ROOT}/Manifest.lock\" > /dev/null\nif [ $? != 0 ] ; then\n    # print error to STDERR\n    echo \"error: The sandbox is not in sync with the Podfile.lock. Run 'pod install' or update your CocoaPods installation.\" >&2\n    exit 1\nfi\n# This output is used by Xcode 'outputs' to avoid re-running this script phase.\necho \"SUCCESS\" > \"${SCRIPT_OUTPUT_FILE_0}\"\n";
			showEnvVarsInLog = 0;
		};
		6594F62FD5F101885EA5F749 /* [CP] Check Pods Manifest.lock */ = {
			isa = PBXShellScriptBuildPhase;
			buildActionMask = 2147483647;
			files = (
			);
			inputFileListPaths = (
			);
			inputPaths = (
				"${PODS_PODFILE_DIR_PATH}/Podfile.lock",
				"${PODS_ROOT}/Manifest.lock",
			);
			name = "[CP] Check Pods Manifest.lock";
			outputFileListPaths = (
			);
			outputPaths = (
				"$(DERIVED_FILE_DIR)/Pods-InstaCloneUITests-checkManifestLockResult.txt",
			);
			runOnlyForDeploymentPostprocessing = 0;
			shellPath = /bin/sh;
			shellScript = "diff \"${PODS_PODFILE_DIR_PATH}/Podfile.lock\" \"${PODS_ROOT}/Manifest.lock\" > /dev/null\nif [ $? != 0 ] ; then\n    # print error to STDERR\n    echo \"error: The sandbox is not in sync with the Podfile.lock. Run 'pod install' or update your CocoaPods installation.\" >&2\n    exit 1\nfi\n# This output is used by Xcode 'outputs' to avoid re-running this script phase.\necho \"SUCCESS\" > \"${SCRIPT_OUTPUT_FILE_0}\"\n";
			showEnvVarsInLog = 0;
		};
		7E6432B2623A96F68F32E684 /* [CP] Embed Pods Frameworks */ = {
			isa = PBXShellScriptBuildPhase;
			buildActionMask = 2147483647;
			files = (
			);
			inputFileListPaths = (
			);
			inputPaths = (
				"${SRCROOT}/Pods/Target Support Files/Pods-InstaCloneTests/Pods-InstaCloneTests-frameworks.sh",
				"${BUILT_PRODUCTS_DIR}/Bolts/Bolts.framework",
				"${BUILT_PRODUCTS_DIR}/Parse/Parse.framework",
			);
			name = "[CP] Embed Pods Frameworks";
			outputFileListPaths = (
			);
			outputPaths = (
				"${TARGET_BUILD_DIR}/${FRAMEWORKS_FOLDER_PATH}/Bolts.framework",
				"${TARGET_BUILD_DIR}/${FRAMEWORKS_FOLDER_PATH}/Parse.framework",
			);
			runOnlyForDeploymentPostprocessing = 0;
			shellPath = /bin/sh;
			shellScript = "\"${SRCROOT}/Pods/Target Support Files/Pods-InstaCloneTests/Pods-InstaCloneTests-frameworks.sh\"\n";
			showEnvVarsInLog = 0;
		};
		8950E92F51789E440A95F1FE /* [CP] Check Pods Manifest.lock */ = {
			isa = PBXShellScriptBuildPhase;
			buildActionMask = 2147483647;
			files = (
			);
			inputFileListPaths = (
			);
			inputPaths = (
				"${PODS_PODFILE_DIR_PATH}/Podfile.lock",
				"${PODS_ROOT}/Manifest.lock",
			);
			name = "[CP] Check Pods Manifest.lock";
			outputFileListPaths = (
			);
			outputPaths = (
				"$(DERIVED_FILE_DIR)/Pods-InstaCloneTests-checkManifestLockResult.txt",
			);
			runOnlyForDeploymentPostprocessing = 0;
			shellPath = /bin/sh;
			shellScript = "diff \"${PODS_PODFILE_DIR_PATH}/Podfile.lock\" \"${PODS_ROOT}/Manifest.lock\" > /dev/null\nif [ $? != 0 ] ; then\n    # print error to STDERR\n    echo \"error: The sandbox is not in sync with the Podfile.lock. Run 'pod install' or update your CocoaPods installation.\" >&2\n    exit 1\nfi\n# This output is used by Xcode 'outputs' to avoid re-running this script phase.\necho \"SUCCESS\" > \"${SCRIPT_OUTPUT_FILE_0}\"\n";
			showEnvVarsInLog = 0;
		};
/* End PBXShellScriptBuildPhase section */

/* Begin PBXSourcesBuildPhase section */
		F51B6332217FC82400ED0E83 /* Sources */ = {
			isa = PBXSourcesBuildPhase;
			buildActionMask = 2147483647;
			files = (
				F563E06A218009980019A6AC /* LoginViewController.swift in Sources */,
				F51B633C217FC82400ED0E83 /* ViewController.swift in Sources */,
				F51B633A217FC82400ED0E83 /* AppDelegate.swift in Sources */,
			);
			runOnlyForDeploymentPostprocessing = 0;
		};
		F51B6346217FC82600ED0E83 /* Sources */ = {
			isa = PBXSourcesBuildPhase;
			buildActionMask = 2147483647;
			files = (
				F51B634F217FC82600ED0E83 /* InstaCloneTests.swift in Sources */,
			);
			runOnlyForDeploymentPostprocessing = 0;
		};
		F51B6351217FC82600ED0E83 /* Sources */ = {
			isa = PBXSourcesBuildPhase;
			buildActionMask = 2147483647;
			files = (
				F51B635A217FC82600ED0E83 /* InstaCloneUITests.swift in Sources */,
			);
			runOnlyForDeploymentPostprocessing = 0;
		};
/* End PBXSourcesBuildPhase section */

/* Begin PBXTargetDependency section */
		F51B634C217FC82600ED0E83 /* PBXTargetDependency */ = {
			isa = PBXTargetDependency;
			target = F51B6335217FC82400ED0E83 /* InstaClone */;
			targetProxy = F51B634B217FC82600ED0E83 /* PBXContainerItemProxy */;
		};
		F51B6357217FC82600ED0E83 /* PBXTargetDependency */ = {
			isa = PBXTargetDependency;
			target = F51B6335217FC82400ED0E83 /* InstaClone */;
			targetProxy = F51B6356217FC82600ED0E83 /* PBXContainerItemProxy */;
		};
/* End PBXTargetDependency section */

/* Begin PBXVariantGroup section */
		F51B633D217FC82400ED0E83 /* Main.storyboard */ = {
			isa = PBXVariantGroup;
			children = (
				F51B633E217FC82400ED0E83 /* Base */,
			);
			name = Main.storyboard;
			sourceTree = "<group>";
		};
		F51B6342217FC82600ED0E83 /* LaunchScreen.storyboard */ = {
			isa = PBXVariantGroup;
			children = (
				F51B6343217FC82600ED0E83 /* Base */,
			);
			name = LaunchScreen.storyboard;
			sourceTree = "<group>";
		};
/* End PBXVariantGroup section */

/* Begin XCBuildConfiguration section */
		F51B635C217FC82600ED0E83 /* Debug */ = {
			isa = XCBuildConfiguration;
			buildSettings = {
				ALWAYS_SEARCH_USER_PATHS = NO;
				CLANG_ANALYZER_NONNULL = YES;
				CLANG_ANALYZER_NUMBER_OBJECT_CONVERSION = YES_AGGRESSIVE;
				CLANG_CXX_LANGUAGE_STANDARD = "gnu++14";
				CLANG_CXX_LIBRARY = "libc++";
				CLANG_ENABLE_MODULES = YES;
				CLANG_ENABLE_OBJC_ARC = YES;
				CLANG_ENABLE_OBJC_WEAK = YES;
				CLANG_WARN_BLOCK_CAPTURE_AUTORELEASING = YES;
				CLANG_WARN_BOOL_CONVERSION = YES;
				CLANG_WARN_COMMA = YES;
				CLANG_WARN_CONSTANT_CONVERSION = YES;
				CLANG_WARN_DEPRECATED_OBJC_IMPLEMENTATIONS = YES;
				CLANG_WARN_DIRECT_OBJC_ISA_USAGE = YES_ERROR;
				CLANG_WARN_DOCUMENTATION_COMMENTS = YES;
				CLANG_WARN_EMPTY_BODY = YES;
				CLANG_WARN_ENUM_CONVERSION = YES;
				CLANG_WARN_INFINITE_RECURSION = YES;
				CLANG_WARN_INT_CONVERSION = YES;
				CLANG_WARN_NON_LITERAL_NULL_CONVERSION = YES;
				CLANG_WARN_OBJC_IMPLICIT_RETAIN_SELF = YES;
				CLANG_WARN_OBJC_LITERAL_CONVERSION = YES;
				CLANG_WARN_OBJC_ROOT_CLASS = YES_ERROR;
				CLANG_WARN_RANGE_LOOP_ANALYSIS = YES;
				CLANG_WARN_STRICT_PROTOTYPES = YES;
				CLANG_WARN_SUSPICIOUS_MOVE = YES;
				CLANG_WARN_UNGUARDED_AVAILABILITY = YES_AGGRESSIVE;
				CLANG_WARN_UNREACHABLE_CODE = YES;
				CLANG_WARN__DUPLICATE_METHOD_MATCH = YES;
				CODE_SIGN_IDENTITY = "iPhone Developer";
				COPY_PHASE_STRIP = NO;
				DEBUG_INFORMATION_FORMAT = dwarf;
				ENABLE_STRICT_OBJC_MSGSEND = YES;
				ENABLE_TESTABILITY = YES;
				GCC_C_LANGUAGE_STANDARD = gnu11;
				GCC_DYNAMIC_NO_PIC = NO;
				GCC_NO_COMMON_BLOCKS = YES;
				GCC_OPTIMIZATION_LEVEL = 0;
				GCC_PREPROCESSOR_DEFINITIONS = (
					"DEBUG=1",
					"$(inherited)",
				);
				GCC_WARN_64_TO_32_BIT_CONVERSION = YES;
				GCC_WARN_ABOUT_RETURN_TYPE = YES_ERROR;
				GCC_WARN_UNDECLARED_SELECTOR = YES;
				GCC_WARN_UNINITIALIZED_AUTOS = YES_AGGRESSIVE;
				GCC_WARN_UNUSED_FUNCTION = YES;
				GCC_WARN_UNUSED_VARIABLE = YES;
				IPHONEOS_DEPLOYMENT_TARGET = 12.0;
				MTL_ENABLE_DEBUG_INFO = INCLUDE_SOURCE;
				MTL_FAST_MATH = YES;
				ONLY_ACTIVE_ARCH = YES;
				SDKROOT = iphoneos;
				SWIFT_ACTIVE_COMPILATION_CONDITIONS = DEBUG;
				SWIFT_OPTIMIZATION_LEVEL = "-Onone";
			};
			name = Debug;
		};
		F51B635D217FC82600ED0E83 /* Release */ = {
			isa = XCBuildConfiguration;
			buildSettings = {
				ALWAYS_SEARCH_USER_PATHS = NO;
				CLANG_ANALYZER_NONNULL = YES;
				CLANG_ANALYZER_NUMBER_OBJECT_CONVERSION = YES_AGGRESSIVE;
				CLANG_CXX_LANGUAGE_STANDARD = "gnu++14";
				CLANG_CXX_LIBRARY = "libc++";
				CLANG_ENABLE_MODULES = YES;
				CLANG_ENABLE_OBJC_ARC = YES;
				CLANG_ENABLE_OBJC_WEAK = YES;
				CLANG_WARN_BLOCK_CAPTURE_AUTORELEASING = YES;
				CLANG_WARN_BOOL_CONVERSION = YES;
				CLANG_WARN_COMMA = YES;
				CLANG_WARN_CONSTANT_CONVERSION = YES;
				CLANG_WARN_DEPRECATED_OBJC_IMPLEMENTATIONS = YES;
				CLANG_WARN_DIRECT_OBJC_ISA_USAGE = YES_ERROR;
				CLANG_WARN_DOCUMENTATION_COMMENTS = YES;
				CLANG_WARN_EMPTY_BODY = YES;
				CLANG_WARN_ENUM_CONVERSION = YES;
				CLANG_WARN_INFINITE_RECURSION = YES;
				CLANG_WARN_INT_CONVERSION = YES;
				CLANG_WARN_NON_LITERAL_NULL_CONVERSION = YES;
				CLANG_WARN_OBJC_IMPLICIT_RETAIN_SELF = YES;
				CLANG_WARN_OBJC_LITERAL_CONVERSION = YES;
				CLANG_WARN_OBJC_ROOT_CLASS = YES_ERROR;
				CLANG_WARN_RANGE_LOOP_ANALYSIS = YES;
				CLANG_WARN_STRICT_PROTOTYPES = YES;
				CLANG_WARN_SUSPICIOUS_MOVE = YES;
				CLANG_WARN_UNGUARDED_AVAILABILITY = YES_AGGRESSIVE;
				CLANG_WARN_UNREACHABLE_CODE = YES;
				CLANG_WARN__DUPLICATE_METHOD_MATCH = YES;
				CODE_SIGN_IDENTITY = "iPhone Developer";
				COPY_PHASE_STRIP = NO;
				DEBUG_INFORMATION_FORMAT = "dwarf-with-dsym";
				ENABLE_NS_ASSERTIONS = NO;
				ENABLE_STRICT_OBJC_MSGSEND = YES;
				GCC_C_LANGUAGE_STANDARD = gnu11;
				GCC_NO_COMMON_BLOCKS = YES;
				GCC_WARN_64_TO_32_BIT_CONVERSION = YES;
				GCC_WARN_ABOUT_RETURN_TYPE = YES_ERROR;
				GCC_WARN_UNDECLARED_SELECTOR = YES;
				GCC_WARN_UNINITIALIZED_AUTOS = YES_AGGRESSIVE;
				GCC_WARN_UNUSED_FUNCTION = YES;
				GCC_WARN_UNUSED_VARIABLE = YES;
				IPHONEOS_DEPLOYMENT_TARGET = 12.0;
				MTL_ENABLE_DEBUG_INFO = NO;
				MTL_FAST_MATH = YES;
				SDKROOT = iphoneos;
				SWIFT_COMPILATION_MODE = wholemodule;
				SWIFT_OPTIMIZATION_LEVEL = "-O";
				VALIDATE_PRODUCT = YES;
			};
			name = Release;
		};
		F51B635F217FC82600ED0E83 /* Debug */ = {
			isa = XCBuildConfiguration;
			baseConfigurationReference = 84382A0F5F3D8CACDCF980E7 /* Pods-InstaClone.debug.xcconfig */;
			buildSettings = {
				ASSETCATALOG_COMPILER_APPICON_NAME = AppIcon;
				CODE_SIGN_STYLE = Automatic;
				INFOPLIST_FILE = InstaClone/Info.plist;
				LD_RUNPATH_SEARCH_PATHS = (
					"$(inherited)",
					"@executable_path/Frameworks",
				);
				PRODUCT_BUNDLE_IDENTIFIER = com.Arslan.InstaClone;
				PRODUCT_NAME = "$(TARGET_NAME)";
				SWIFT_VERSION = 4.2;
				TARGETED_DEVICE_FAMILY = "1,2";
			};
			name = Debug;
		};
		F51B6360217FC82600ED0E83 /* Release */ = {
			isa = XCBuildConfiguration;
			baseConfigurationReference = 70721A29C239974E6A8337DA /* Pods-InstaClone.release.xcconfig */;
			buildSettings = {
				ASSETCATALOG_COMPILER_APPICON_NAME = AppIcon;
				CODE_SIGN_STYLE = Automatic;
				INFOPLIST_FILE = InstaClone/Info.plist;
				LD_RUNPATH_SEARCH_PATHS = (
					"$(inherited)",
					"@executable_path/Frameworks",
				);
				PRODUCT_BUNDLE_IDENTIFIER = com.Arslan.InstaClone;
				PRODUCT_NAME = "$(TARGET_NAME)";
				SWIFT_VERSION = 4.2;
				TARGETED_DEVICE_FAMILY = "1,2";
			};
			name = Release;
		};
		F51B6362217FC82600ED0E83 /* Debug */ = {
			isa = XCBuildConfiguration;
			baseConfigurationReference = FC33448E9183CDE37C1E8CE4 /* Pods-InstaCloneTests.debug.xcconfig */;
			buildSettings = {
				ALWAYS_EMBED_SWIFT_STANDARD_LIBRARIES = YES;
				BUNDLE_LOADER = "$(TEST_HOST)";
				CODE_SIGN_STYLE = Automatic;
				INFOPLIST_FILE = InstaCloneTests/Info.plist;
				LD_RUNPATH_SEARCH_PATHS = (
					"$(inherited)",
					"@executable_path/Frameworks",
					"@loader_path/Frameworks",
				);
				PRODUCT_BUNDLE_IDENTIFIER = com.Arslan.InstaCloneTests;
				PRODUCT_NAME = "$(TARGET_NAME)";
				SWIFT_VERSION = 4.2;
				TARGETED_DEVICE_FAMILY = "1,2";
				TEST_HOST = "$(BUILT_PRODUCTS_DIR)/InstaClone.app/InstaClone";
			};
			name = Debug;
		};
		F51B6363217FC82600ED0E83 /* Release */ = {
			isa = XCBuildConfiguration;
			baseConfigurationReference = EF7AA69CDCE1D8D4AD10892E /* Pods-InstaCloneTests.release.xcconfig */;
			buildSettings = {
				ALWAYS_EMBED_SWIFT_STANDARD_LIBRARIES = YES;
				BUNDLE_LOADER = "$(TEST_HOST)";
				CODE_SIGN_STYLE = Automatic;
				INFOPLIST_FILE = InstaCloneTests/Info.plist;
				LD_RUNPATH_SEARCH_PATHS = (
					"$(inherited)",
					"@executable_path/Frameworks",
					"@loader_path/Frameworks",
				);
				PRODUCT_BUNDLE_IDENTIFIER = com.Arslan.InstaCloneTests;
				PRODUCT_NAME = "$(TARGET_NAME)";
				SWIFT_VERSION = 4.2;
				TARGETED_DEVICE_FAMILY = "1,2";
				TEST_HOST = "$(BUILT_PRODUCTS_DIR)/InstaClone.app/InstaClone";
			};
			name = Release;
		};
		F51B6365217FC82600ED0E83 /* Debug */ = {
			isa = XCBuildConfiguration;
			baseConfigurationReference = 55BD29C2242F3E289A301AED /* Pods-InstaCloneUITests.debug.xcconfig */;
			buildSettings = {
				ALWAYS_EMBED_SWIFT_STANDARD_LIBRARIES = YES;
				CODE_SIGN_STYLE = Automatic;
				INFOPLIST_FILE = InstaCloneUITests/Info.plist;
				LD_RUNPATH_SEARCH_PATHS = (
					"$(inherited)",
					"@executable_path/Frameworks",
					"@loader_path/Frameworks",
				);
				PRODUCT_BUNDLE_IDENTIFIER = com.Arslan.InstaCloneUITests;
				PRODUCT_NAME = "$(TARGET_NAME)";
				SWIFT_VERSION = 4.2;
				TARGETED_DEVICE_FAMILY = "1,2";
				TEST_TARGET_NAME = InstaClone;
			};
			name = Debug;
		};
		F51B6366217FC82600ED0E83 /* Release */ = {
			isa = XCBuildConfiguration;
			baseConfigurationReference = 80B3642AA13A2544203A0FD7 /* Pods-InstaCloneUITests.release.xcconfig */;
			buildSettings = {
				ALWAYS_EMBED_SWIFT_STANDARD_LIBRARIES = YES;
				CODE_SIGN_STYLE = Automatic;
				INFOPLIST_FILE = InstaCloneUITests/Info.plist;
				LD_RUNPATH_SEARCH_PATHS = (
					"$(inherited)",
					"@executable_path/Frameworks",
					"@loader_path/Frameworks",
				);
				PRODUCT_BUNDLE_IDENTIFIER = com.Arslan.InstaCloneUITests;
				PRODUCT_NAME = "$(TARGET_NAME)";
				SWIFT_VERSION = 4.2;
				TARGETED_DEVICE_FAMILY = "1,2";
				TEST_TARGET_NAME = InstaClone;
			};
			name = Release;
		};
/* End XCBuildConfiguration section */

/* Begin XCConfigurationList section */
		F51B6331217FC82400ED0E83 /* Build configuration list for PBXProject "InstaClone" */ = {
			isa = XCConfigurationList;
			buildConfigurations = (
				F51B635C217FC82600ED0E83 /* Debug */,
				F51B635D217FC82600ED0E83 /* Release */,
			);
			defaultConfigurationIsVisible = 0;
			defaultConfigurationName = Release;
		};
		F51B635E217FC82600ED0E83 /* Build configuration list for PBXNativeTarget "InstaClone" */ = {
			isa = XCConfigurationList;
			buildConfigurations = (
				F51B635F217FC82600ED0E83 /* Debug */,
				F51B6360217FC82600ED0E83 /* Release */,
			);
			defaultConfigurationIsVisible = 0;
			defaultConfigurationName = Release;
		};
		F51B6361217FC82600ED0E83 /* Build configuration list for PBXNativeTarget "InstaCloneTests" */ = {
			isa = XCConfigurationList;
			buildConfigurations = (
				F51B6362217FC82600ED0E83 /* Debug */,
				F51B6363217FC82600ED0E83 /* Release */,
			);
			defaultConfigurationIsVisible = 0;
			defaultConfigurationName = Release;
		};
		F51B6364217FC82600ED0E83 /* Build configuration list for PBXNativeTarget "InstaCloneUITests" */ = {
			isa = XCConfigurationList;
			buildConfigurations = (
				F51B6365217FC82600ED0E83 /* Debug */,
				F51B6366217FC82600ED0E83 /* Release */,
			);
			defaultConfigurationIsVisible = 0;
			defaultConfigurationName = Release;
		};
/* End XCConfigurationList section */
	};
	rootObject = F51B632E217FC82400ED0E83 /* Project object */;
}
